{
  "R": {
    "Version": "3.6.1",
    "Repositories": [
      {
        "Name": "CRAN",
        "URL": "https://cran.rstudio.com"
      }
    ]
  },
  "Packages": {
    "BH": {
      "Package": "BH",
      "Version": "1.72.0-3",
      "Source": "Repository",
      "Repository": "CRAN",
      "Hash": "8f9ce74c6417d61f0782cbae5fd2b7b0"
    },
    "DBI": {
      "Package": "DBI",
      "Version": "1.0.0",
      "Source": "Repository",
      "Repository": "CRAN",
      "Hash": "7bc8be0e425da29fe0e10f792bdbb74b"
    },
    "DEoptimR": {
      "Package": "DEoptimR",
      "Version": "1.0-8",
      "Source": "Repository",
      "Repository": "CRAN",
      "Hash": "4fdd17df6c1b897cb59bdd9cf6621a43"
    },
    "DT": {
      "Package": "DT",
      "Version": "0.9",
      "Source": "Repository",
      "Repository": "CRAN",
      "Hash": "bc7ee1e8b4cb953b4d17c17c5c1351ca"
    },
    "DiceDesign": {
      "Package": "DiceDesign",
      "Version": "1.8-1",
      "Source": "Repository",
      "Repository": "CRAN",
      "Hash": "c37a99997a2108edb7ef6563b8f6103f"
    },
    "Formula": {
      "Package": "Formula",
      "Version": "1.2-3",
      "Source": "Repository",
      "Repository": "CRAN",
      "Hash": "0537b6f1f38ea1fd514089192724bb6e"
    },
    "GGally": {
      "Package": "GGally",
      "Version": "1.4.0",
      "Source": "Repository",
      "Repository": "CRAN",
      "Hash": "4ca36f65d7e06b94241020ab9df71431"
    },
    "GPfit": {
      "Package": "GPfit",
      "Version": "1.0-8",
      "Source": "Repository",
      "Repository": "CRAN",
      "Hash": "29a7dccade1fd037c8262c2a239775eb"
    },
    "HSAUR2": {
      "Package": "HSAUR2",
      "Version": "1.1-17",
      "Source": "Repository",
      "Repository": "CRAN",
      "Hash": "67117fd73c4da3a6ac681a2bb4af4803"
    },
    "Hmisc": {
      "Package": "Hmisc",
      "Version": "4.2-0",
      "Source": "Repository",
      "Repository": "CRAN",
      "Hash": "5d6fffa4e1ec7e3e25478f5c5205d5b4"
    },
    "ISOcodes": {
      "Package": "ISOcodes",
      "Version": "2019.12.22",
      "Source": "Repository",
      "Repository": "CRAN",
      "Hash": "8ca8885ffb01998764cb762962f9b71b"
    },
    "KernSmooth": {
      "Package": "KernSmooth",
      "Version": "2.23-15",
      "Source": "Repository",
      "Repository": "CRAN",
      "Hash": "081f417f4d6d55b7e8981433e8404a22"
    },
    "MASS": {
      "Package": "MASS",
      "Version": "7.3-51.4",
      "Source": "Repository",
      "Repository": "CRAN",
      "Hash": "a94714e63996bc284b8795ec50defc07"
    },
    "MVA": {
      "Package": "MVA",
      "Version": "1.0-6",
      "Source": "Repository",
      "Repository": "CRAN",
      "Hash": "5788ac8d1c90ff47ee1ddfcac8183e23"
    },
    "Matrix": {
      "Package": "Matrix",
      "Version": "1.2-17",
      "Source": "Repository",
      "Repository": "CRAN",
      "Hash": "39ea11fb3ad0d759f9f1c053fd442957"
    },
    "MatrixModels": {
      "Package": "MatrixModels",
      "Version": "0.4-1",
      "Source": "Repository",
      "Repository": "CRAN",
      "Hash": "d57ac35220b39c591388ab3a080f9cbe"
    },
    "R6": {
      "Package": "R6",
      "Version": "2.4.0",
      "Source": "Repository",
      "Repository": "CRAN",
      "Hash": "d4618c4cb36bc46831551c5d85815818"
    },
    "RColorBrewer": {
      "Package": "RColorBrewer",
      "Version": "1.1-2",
      "Source": "Repository",
      "Repository": "CRAN",
      "Hash": "e031418365a7f7a766181ab5a41a5716"
    },
    "RUnit": {
      "Package": "RUnit",
      "Version": "0.4.32",
      "Source": "Repository",
      "Repository": "CRAN",
      "Hash": "11af2a900964b790c6d775e0c9e8025f"
    },
    "Rcpp": {
      "Package": "Rcpp",
      "Version": "1.0.2",
      "Source": "Repository",
      "Repository": "CRAN",
      "Hash": "a0356f14b4a68dd51a67c5d469d40c70"
    },
    "RcppEigen": {
      "Package": "RcppEigen",
      "Version": "0.3.3.5.0",
      "Source": "Repository",
      "Repository": "CRAN",
      "Hash": "b1363326973d7c1fc76d6394c2610951"
    },
    "RcppParallel": {
      "Package": "RcppParallel",
      "Version": "4.4.4",
      "Source": "Repository",
      "Repository": "CRAN",
      "Hash": "12c9e07854eca8814a62ebeabb16e8ef"
    },
    "SQUAREM": {
      "Package": "SQUAREM",
      "Version": "2017.10-1",
      "Source": "Repository",
      "Repository": "CRAN",
      "Hash": "5f2dab05aaaf51d7f87cf7ecbbe07541"
    },
    "SnowballC": {
      "Package": "SnowballC",
      "Version": "0.6.0",
      "Source": "Repository",
      "Repository": "CRAN",
      "Hash": "c5d4a8b3df9c2a2403cd8a392de457e8"
    },
    "SparseM": {
      "Package": "SparseM",
      "Version": "1.77",
      "Source": "Repository",
      "Repository": "CRAN",
      "Hash": "4bad08e504cd054199ff5658ef341b43"
    },
    "StanHeaders": {
      "Package": "StanHeaders",
      "Version": "2.21.0-1",
      "Source": "Repository",
      "Repository": "CRAN",
      "Hash": "bd39dfdcb370ffbbdec3459cc6c4f40c"
    },
    "abind": {
      "Package": "abind",
      "Version": "1.4-5",
      "Source": "Repository",
      "Repository": "CRAN",
      "Hash": "4f57884290cc75ab22f4af9e9d4ca862"
    },
    "acepack": {
      "Package": "acepack",
      "Version": "1.4.1",
      "Source": "Repository",
      "Repository": "CRAN",
      "Hash": "9d5038b94a50c7bf26940e2ef7f340c8"
    },
    "askpass": {
      "Package": "askpass",
      "Version": "1.1",
      "Source": "Repository",
      "Repository": "CRAN",
      "Hash": "e8a22846fff485f0be3770c2da758713"
    },
    "assertthat": {
      "Package": "assertthat",
      "Version": "0.2.1",
      "Source": "Repository",
      "Repository": "CRAN",
      "Hash": "50c838a310445e954bc13f26f26a6ecf"
    },
    "backports": {
      "Package": "backports",
      "Version": "1.1.4",
      "Source": "Repository",
      "Repository": "CRAN",
      "Hash": "b9a4db2667d7e43d197ed12e40781889"
    },
    "base64enc": {
      "Package": "base64enc",
      "Version": "0.1-3",
      "Source": "Repository",
      "Repository": "CRAN",
      "Hash": "543776ae6848fde2f48ff3816d0628bc"
    },
    "bayesplot": {
      "Package": "bayesplot",
      "Version": "1.7.1",
      "Source": "Repository",
      "Repository": "CRAN",
      "Hash": "c994e351b537a5d5101ce52915e83a8d"
    },
    "boot": {
      "Package": "boot",
      "Version": "1.3-22",
      "Source": "Repository",
      "Repository": "CRAN",
      "Hash": "f2b2e80b975c6248510bed633c2ec382"
    },
    "broom": {
      "Package": "broom",
      "Version": "0.5.5",
      "Source": "Repository",
      "Repository": "CRAN",
      "Hash": "70ec3aef8a0df13661bf6cc2ff877d61"
    },
    "callr": {
      "Package": "callr",
      "Version": "3.3.1",
      "Source": "Repository",
      "Repository": "CRAN",
      "Hash": "9b370afd3c4e4e33a5114b1f3d343f9c"
    },
    "car": {
      "Package": "car",
      "Version": "3.0-3",
      "Source": "Repository",
      "Repository": "CRAN",
      "Hash": "647a958b936b6bbe54487a5448ad4973"
    },
    "carData": {
      "Package": "carData",
      "Version": "3.0-2",
      "Source": "Repository",
      "Repository": "CRAN",
      "Hash": "3de03ed0bfcfb5d4548c28f493805e83"
    },
    "cellranger": {
      "Package": "cellranger",
      "Version": "1.1.0",
      "Source": "Repository",
      "Repository": "CRAN",
      "Hash": "f61dbaec772ccd2e17705c1e872e9e7c"
    },
    "checkmate": {
      "Package": "checkmate",
      "Version": "1.9.4",
      "Source": "Repository",
      "Repository": "CRAN",
      "Hash": "4704086e092041b648573fe97235f7de"
    },
    "class": {
      "Package": "class",
      "Version": "7.3-15",
      "Source": "Repository",
      "Repository": "CRAN",
      "Hash": "4fba6a022803b6c3f30fd023be3fa818"
    },
    "cli": {
      "Package": "cli",
      "Version": "2.0.2",
      "Source": "Repository",
      "Repository": "CRAN",
      "Hash": "ff0becff7bfdfe3f75d29aff8f3172dd"
    },
    "clipr": {
      "Package": "clipr",
      "Version": "0.7.0",
      "Source": "Repository",
      "Repository": "CRAN",
      "Hash": "08cf4045c149a0f0eaf405324c7495bd"
    },
    "cluster": {
      "Package": "cluster",
      "Version": "2.1.0",
      "Source": "Repository",
      "Repository": "CRAN",
      "Hash": "db63a44aab5aadcb6bf2f129751d129a"
    },
    "codetools": {
      "Package": "codetools",
      "Version": "0.2-16",
      "Source": "Repository",
      "Repository": "CRAN",
      "Hash": "89cf4b8207269ccf82fbeb6473fd662b"
    },
    "colorspace": {
      "Package": "colorspace",
      "Version": "1.4-1",
      "Source": "Repository",
      "Repository": "CRAN",
      "Hash": "6b436e95723d1f0e861224dd9b094dfb"
    },
    "colourpicker": {
      "Package": "colourpicker",
      "Version": "1.0",
      "Source": "Repository",
      "Repository": "CRAN",
      "Hash": "98ca919385a634e5d558e6938755e0bf"
    },
    "corrplot": {
      "Package": "corrplot",
      "Version": "0.84",
      "Source": "Repository",
      "Repository": "CRAN",
      "Hash": "b55c32ae818a84109a51f172290c95f2"
    },
    "crayon": {
      "Package": "crayon",
      "Version": "1.3.4",
      "Source": "Repository",
      "Repository": "CRAN",
      "Hash": "0d57bc8e27b7ba9e45dba825ebc0de6b"
    },
    "crosstalk": {
      "Package": "crosstalk",
      "Version": "1.0.0",
      "Source": "Repository",
      "Repository": "CRAN",
      "Hash": "4ac529753d1e529966ef675d7f0c762b"
    },
    "curl": {
      "Package": "curl",
      "Version": "4.0",
      "Source": "Repository",
      "Repository": "CRAN",
      "Hash": "c39e9ce1ea015111772a1ac0aacfe981"
    },
    "data.table": {
      "Package": "data.table",
      "Version": "1.12.2",
      "Source": "Repository",
      "Repository": "CRAN",
      "Hash": "2acfeb805afc84b919dcbe1f32a23529"
    },
    "dbplyr": {
      "Package": "dbplyr",
      "Version": "1.4.2",
      "Source": "Repository",
      "Repository": "CRAN",
      "Hash": "022c8630abecb00f22740d021ab89595"
    },
    "desc": {
      "Package": "desc",
      "Version": "1.2.0",
      "Source": "Repository",
      "Repository": "CRAN",
      "Hash": "6c8fe8fa26a23b79949375d372c7b395"
    },
    "dials": {
      "Package": "dials",
      "Version": "0.0.4",
      "Source": "Repository",
      "Repository": "CRAN",
      "Hash": "880dd3606a6623f864880dbaea8493a2"
    },
    "digest": {
      "Package": "digest",
      "Version": "0.6.20",
      "Source": "Repository",
      "Repository": "CRAN",
      "Hash": "04899fc74469d15242675fa2103ad682"
    },
    "diptest": {
      "Package": "diptest",
      "Version": "0.75-7",
      "Source": "Repository",
      "Repository": "CRAN",
      "Hash": "be6171ca8619e054446a3eb660dd68d7"
    },
    "dplyr": {
      "Package": "dplyr",
      "Version": "0.8.3",
      "Source": "Repository",
      "Repository": "CRAN",
      "Hash": "c426258a806b7e69613432b197b9954d"
    },
    "dygraphs": {
      "Package": "dygraphs",
      "Version": "1.1.1.6",
      "Source": "Repository",
      "Repository": "CRAN",
      "Hash": "716869fffc16e282c118f8894e082a7d"
    },
    "ellipsis": {
      "Package": "ellipsis",
      "Version": "0.2.0.1",
      "Source": "Repository",
      "Repository": "CRAN",
      "Hash": "9e51c34725ddb3d04968a5bf37363200"
    },
    "evaluate": {
      "Package": "evaluate",
      "Version": "0.14",
      "Source": "Repository",
      "Repository": "CRAN",
      "Hash": "ec8ca05cffcc70569eaaad8469d2a3a7"
    },
    "fansi": {
      "Package": "fansi",
      "Version": "0.4.0",
      "Source": "Repository",
      "Repository": "CRAN",
      "Hash": "b31d9e5d051553d1177083aeba04b5b9"
    },
    "fastmap": {
      "Package": "fastmap",
      "Version": "1.0.1",
      "Source": "Repository",
      "Repository": "CRAN",
      "Hash": "83ab58a0518afe3d17e41da01af13b60"
    },
    "flexmix": {
      "Package": "flexmix",
      "Version": "2.3-15",
      "Source": "Repository",
      "Repository": "CRAN",
      "Hash": "13ccae3b1b41e0b68047533c3bbacd00"
    },
    "forcats": {
      "Package": "forcats",
      "Version": "0.4.0",
      "Source": "Repository",
      "Repository": "CRAN",
      "Hash": "c6a8cdc67d337ac3df901b0ea73b8cec"
    },
    "foreach": {
      "Package": "foreach",
      "Version": "1.4.7",
      "Source": "Repository",
      "Repository": "CRAN",
      "Hash": "5c52b519714c1d0fc5efca58f74918fe"
    },
    "foreign": {
      "Package": "foreign",
      "Version": "0.8-71",
      "Source": "Repository",
      "Repository": "CRAN",
      "Hash": "cf285837c1587867535424bb608bc1bf"
    },
    "fpc": {
      "Package": "fpc",
      "Version": "2.2-3",
      "Source": "Repository",
      "Repository": "CRAN",
      "Hash": "6e36e3dc09ac1a8e13265e0c33d72f34"
    },
    "fs": {
      "Package": "fs",
      "Version": "1.3.1",
      "Source": "Repository",
      "Repository": "CRAN",
      "Hash": "0e26be4558dbbc713d7cfe4a4c361f38"
    },
    "furrr": {
      "Package": "furrr",
      "Version": "0.1.0",
      "Source": "Repository",
      "Repository": "CRAN",
      "Hash": "c1f60eafdbcbea57078aa6f501974d2a"
    },
    "future": {
      "Package": "future",
      "Version": "1.16.0",
      "Source": "Repository",
      "Repository": "CRAN",
      "Hash": "20c20385da360f28c07364f2d099a6d7"
    },
    "generics": {
      "Package": "generics",
      "Version": "0.0.2",
      "Source": "Repository",
      "Repository": "CRAN",
      "Hash": "b8cff1d1391fd1ad8b65877f4c7f2e53"
    },
    "ggplot2": {
      "Package": "ggplot2",
      "Version": "3.2.1",
      "Source": "Repository",
      "Repository": "CRAN",
      "Hash": "9ac60f09a2f437af8df8638ef3da0288"
    },
    "ggrepel": {
      "Package": "ggrepel",
      "Version": "0.8.1",
      "Source": "Repository",
      "Repository": "CRAN",
      "Hash": "d2d969d2ca127dbb2da60b5a20ee7234"
    },
    "ggridges": {
      "Package": "ggridges",
      "Version": "0.5.2",
      "Source": "Repository",
      "Repository": "CRAN",
      "Hash": "b5c4e55a3856dff3c05595630a40edfc"
    },
    "globals": {
      "Package": "globals",
      "Version": "0.12.5",
      "Source": "Repository",
      "Repository": "CRAN",
      "Hash": "e9e529fb7a579ad4b4ff65e052e76ed8"
    },
    "glue": {
      "Package": "glue",
      "Version": "1.3.1",
      "Source": "Repository",
      "Repository": "CRAN",
      "Hash": "d4e25697c450c01b202c79ef35694a83"
    },
    "gower": {
      "Package": "gower",
      "Version": "0.2.1",
      "Source": "Repository",
      "Repository": "CRAN",
      "Hash": "1e7e711f2f87cc3a326f7f406815d019"
    },
    "gridExtra": {
      "Package": "gridExtra",
      "Version": "2.3",
      "Source": "Repository",
      "Repository": "CRAN",
      "Hash": "7d7f283939f563670a697165b2cf5560"
    },
    "gtable": {
      "Package": "gtable",
      "Version": "0.3.0",
      "Source": "Repository",
      "Repository": "CRAN",
      "Hash": "ac5c6baf7822ce8732b343f14c072c4d"
    },
    "gtools": {
      "Package": "gtools",
      "Version": "3.8.1",
      "Source": "Repository",
      "Repository": "CRAN",
      "Hash": "b7f3a3bee8ec0858e8cbc09cfdc35ced"
    },
    "hardhat": {
      "Package": "hardhat",
      "Version": "0.1.2",
      "Source": "Repository",
      "Repository": "CRAN",
      "Hash": "cf39edb411ba82fc539b18144acef5c5"
    },
    "haven": {
      "Package": "haven",
      "Version": "2.1.1",
      "Source": "Repository",
      "Repository": "CRAN",
      "Hash": "9b3889246a6ce2d1a600fcf8016a9b6e"
    },
    "highr": {
      "Package": "highr",
      "Version": "0.8",
      "Source": "Repository",
      "Repository": "CRAN",
      "Hash": "4dc5bb88961e347a0f4d8aad597cbfac"
    },
    "hms": {
      "Package": "hms",
      "Version": "0.5.1",
      "Source": "Repository",
      "Repository": "CRAN",
      "Hash": "a89bb57b478154b07be376cb3aff0c3c"
    },
    "htmlTable": {
      "Package": "htmlTable",
      "Version": "1.13.1",
      "Source": "Repository",
      "Repository": "CRAN",
      "Hash": "eb5cdf44071cc69b910eb2450df3f87e"
    },
    "htmltools": {
      "Package": "htmltools",
      "Version": "0.4.0",
      "Source": "Repository",
      "Repository": "CRAN",
      "Hash": "2d7691222f82f41e93f6d30f169bd5e1"
    },
    "htmlwidgets": {
      "Package": "htmlwidgets",
      "Version": "1.3",
      "Source": "Repository",
      "Repository": "CRAN",
      "Hash": "0c8df16eba2c955487aad63a7e7051a6"
    },
    "httpuv": {
      "Package": "httpuv",
      "Version": "1.5.2",
      "Source": "Repository",
      "Repository": "CRAN",
      "Hash": "f793dad2c9ae14fbb1d22f16f23f8326"
    },
    "httr": {
      "Package": "httr",
      "Version": "1.4.1",
      "Source": "Repository",
      "Repository": "CRAN",
      "Hash": "7146fea4685b4252ebf478978c75f597"
    },
    "hunspell": {
      "Package": "hunspell",
      "Version": "3.0",
      "Source": "Repository",
      "Repository": "CRAN",
      "Hash": "71e7853d60b6b4ba891d62ede21752e9"
    },
    "igraph": {
      "Package": "igraph",
      "Version": "1.2.4.2",
      "Source": "Repository",
      "Repository": "CRAN",
      "Hash": "fffa635f747cd07ffc56bc13a23701e4"
    },
    "infer": {
      "Package": "infer",
      "Version": "0.5.1",
      "Source": "Repository",
      "Repository": "CRAN",
      "Hash": "5d74c75f99369d87d385a8d4bf316eeb"
    },
    "inline": {
      "Package": "inline",
      "Version": "0.3.15",
      "Source": "Repository",
      "Repository": "CRAN",
      "Hash": "24fe9c7832cd19e60c04ffb46f2cbb64"
    },
    "ipred": {
      "Package": "ipred",
      "Version": "0.9-9",
      "Source": "Repository",
      "Repository": "CRAN",
      "Hash": "816a7f746179f159f8faa87af730f3c1"
    },
    "iterators": {
      "Package": "iterators",
      "Version": "1.0.12",
      "Source": "Repository",
      "Repository": "CRAN",
      "Hash": "117128f48662573ff4c4e72608b9e202"
    },
    "janeaustenr": {
      "Package": "janeaustenr",
      "Version": "0.1.5",
      "Source": "Repository",
      "Repository": "CRAN",
      "Hash": "8b07a4b9d0a0d97d9fe12de8af6d219e"
    },
    "jsonlite": {
      "Package": "jsonlite",
      "Version": "1.6",
      "Source": "Repository",
      "Repository": "CRAN",
      "Hash": "bc5739654d032acf531356e32e0d0f54"
    },
    "kableExtra": {
      "Package": "kableExtra",
      "Version": "1.1.0",
      "Source": "Repository",
      "Repository": "CRAN",
      "Hash": "37e11c605b3c0b7207763beda52c8535"
    },
    "kernlab": {
      "Package": "kernlab",
      "Version": "0.9-27",
      "Source": "Repository",
      "Repository": "CRAN",
      "Hash": "7b42820f7908830a11b4ab4503b9b393"
    },
    "knitr": {
      "Package": "knitr",
      "Version": "1.25",
      "Source": "Repository",
      "Repository": "CRAN",
      "Hash": "8457f90007f36588453320eff61d0ef2"
    },
    "kutils": {
      "Package": "kutils",
      "Version": "1.69",
      "Source": "Repository",
      "Repository": "CRAN",
      "Hash": "8ea26f421b6b61820df95b847250fa30"
    },
    "labeling": {
      "Package": "labeling",
      "Version": "0.3",
      "Source": "Repository",
      "Repository": "CRAN",
      "Hash": "73832978c1de350df58108c745ed0e3e"
    },
    "later": {
      "Package": "later",
      "Version": "1.0.0",
      "Source": "Repository",
      "Repository": "CRAN",
      "Hash": "6d927978fc658d24175ce37db635f9e5"
    },
    "lattice": {
      "Package": "lattice",
      "Version": "0.20-38",
      "Source": "Repository",
      "Repository": "CRAN",
      "Hash": "848f8c593fd1050371042d18d152e3d7"
    },
    "latticeExtra": {
      "Package": "latticeExtra",
      "Version": "0.6-28",
      "Source": "Repository",
      "Repository": "CRAN",
      "Hash": "a3243e210c83c37ea51a546efcecd896"
    },
    "lava": {
      "Package": "lava",
      "Version": "1.6.6",
      "Source": "Repository",
      "Repository": "CRAN",
      "Hash": "3aff2b3035122185382c4ec9c500382f"
    },
    "lavaan": {
      "Package": "lavaan",
      "Version": "0.6-5",
      "Source": "Repository",
      "Repository": "CRAN",
      "Hash": "898f1cb9457e5afeaaf6c43c8ffbd72b"
    },
    "lazyeval": {
      "Package": "lazyeval",
      "Version": "0.2.2",
      "Source": "Repository",
      "Repository": "CRAN",
      "Hash": "d908914ae53b04d4c0c0fd72ecc35370"
    },
    "lhs": {
      "Package": "lhs",
      "Version": "1.0.1",
      "Source": "Repository",
      "Repository": "CRAN",
      "Hash": "43b4afe7aed4a471ab164a5b764f7151"
    },
    "lifecycle": {
      "Package": "lifecycle",
      "Version": "0.1.0",
      "Source": "Repository",
      "Repository": "CRAN",
      "Hash": "dc0e9c03b3635ff433b045ce6bf0612d"
    },
    "listenv": {
      "Package": "listenv",
      "Version": "0.8.0",
      "Source": "Repository",
      "Repository": "CRAN",
      "Hash": "0bde42ee282efb18c7c4e63822f5b4f7"
    },
    "lme4": {
      "Package": "lme4",
      "Version": "1.1-21",
      "Source": "Repository",
      "Repository": "CRAN",
      "Hash": "951b57d6afd25bebada4efee4f4c3478"
    },
    "loo": {
      "Package": "loo",
      "Version": "2.2.0",
      "Source": "Repository",
      "Repository": "CRAN",
      "Hash": "5384cbaf43ee10191a52478f5e2bad48"
    },
    "lubridate": {
      "Package": "lubridate",
      "Version": "1.7.4",
      "Source": "Repository",
      "Repository": "CRAN",
      "Hash": "796afeea047cda6bdb308d374a33eeb6"
    },
    "magrittr": {
      "Package": "magrittr",
      "Version": "1.5",
      "Source": "Repository",
      "Repository": "CRAN",
      "Hash": "1bb58822a20301cee84a41678e25d9b7"
    },
    "maptools": {
      "Package": "maptools",
      "Version": "0.9-5",
      "Source": "Repository",
      "Repository": "CRAN",
      "Hash": "c94d48b02d7935435a726fa0f0ca8cde"
    },
    "markdown": {
      "Package": "markdown",
      "Version": "1.1",
      "Source": "Repository",
      "Repository": "CRAN",
      "Hash": "61e4a10781dd00d7d81dd06ca9b94e95"
    },
    "matrixStats": {
      "Package": "matrixStats",
      "Version": "0.55.0",
      "Source": "Repository",
      "Repository": "CRAN",
      "Hash": "1270d684b417c455fae69ad025153f90"
    },
    "mclust": {
      "Package": "mclust",
      "Version": "5.4.5",
      "Source": "Repository",
      "Repository": "CRAN",
      "Hash": "eb4db14d65da50c105be47de0e46a914"
    },
    "mgcv": {
      "Package": "mgcv",
      "Version": "1.8-28",
      "Source": "Repository",
      "Repository": "CRAN",
      "Hash": "aa301a255aac625db12ee1793bd79265"
    },
    "mime": {
      "Package": "mime",
      "Version": "0.7",
      "Source": "Repository",
      "Repository": "CRAN",
      "Hash": "f085cb5d1548336cafa5ee7ec56d7e34"
    },
    "miniUI": {
      "Package": "miniUI",
      "Version": "0.1.1.1",
      "Source": "Repository",
      "Repository": "CRAN",
      "Hash": "fec5f52652d60615fdb3957b3d74324a"
    },
    "minqa": {
      "Package": "minqa",
      "Version": "1.2.4",
      "Source": "Repository",
      "Repository": "CRAN",
      "Hash": "eaee7d2a6f3ed4491df868611cb064cc"
    },
    "miscTools": {
      "Package": "miscTools",
      "Version": "0.6-26",
      "Source": "Repository",
      "Repository": "CRAN",
      "Hash": "340f0789cb2dcc816d9856d375c1df83"
    },
    "mnormt": {
      "Package": "mnormt",
      "Version": "1.5-5",
      "Source": "Repository",
      "Repository": "CRAN",
      "Hash": "7bf8d8ba6bf894233736f604f64123cc"
    },
    "modelr": {
      "Package": "modelr",
      "Version": "0.1.5",
      "Source": "Repository",
      "Repository": "CRAN",
      "Hash": "4d2fe4fcd8a4cab45fcd0479088c4216"
    },
    "modeltools": {
      "Package": "modeltools",
      "Version": "0.2-22",
      "Source": "Repository",
      "Repository": "CRAN",
      "Hash": "3f4142afd2b2d8b55281fa3ac145d1a2"
    },
    "munsell": {
      "Package": "munsell",
      "Version": "0.5.0",
      "Source": "Repository",
      "Repository": "CRAN",
      "Hash": "6dfe8bf774944bd5595785e3229d8771"
    },
    "nlme": {
      "Package": "nlme",
      "Version": "3.1-140",
      "Source": "Repository",
      "Repository": "CRAN",
      "Hash": "79d4c59449e799385e98e222e5f8f950"
    },
    "nloptr": {
      "Package": "nloptr",
      "Version": "1.2.1",
      "Source": "Repository",
      "Repository": "CRAN",
      "Hash": "123f92613e59e1f5671f80f72363ae60"
    },
    "nnet": {
      "Package": "nnet",
      "Version": "7.3-12",
      "Source": "Repository",
      "Repository": "CRAN",
      "Hash": "68287aec1f476c41d16ce1ace445800c"
    },
    "numDeriv": {
      "Package": "numDeriv",
      "Version": "2016.8-1.1",
      "Source": "Repository",
      "Repository": "CRAN",
      "Hash": "df58958f293b166e4ab885ebcad90e02"
    },
    "openssl": {
      "Package": "openssl",
      "Version": "1.4.1",
      "Source": "Repository",
      "Repository": "CRAN",
      "Hash": "49f7258fd86ebeaea1df24d9ded00478"
    },
    "openxlsx": {
      "Package": "openxlsx",
      "Version": "4.1.0.1",
      "Source": "Repository",
      "Repository": "CRAN",
      "Hash": "e9fa89cc3a0e4fa500773cb7f4576443"
    },
    "pROC": {
      "Package": "pROC",
      "Version": "1.15.3",
      "Source": "Repository",
      "Repository": "CRAN",
      "Hash": "2942936accd69cb57e9aa29b6b9132b5"
    },
    "packrat": {
      "Package": "packrat",
      "Version": "0.5.0",
      "Source": "Repository",
      "Repository": "CRAN",
      "Hash": "2ebd34a38f4248281096cc723535b66d"
    },
    "parsnip": {
      "Package": "parsnip",
      "Version": "0.0.5",
      "Source": "Repository",
      "Repository": "CRAN",
      "Hash": "ececc6518695f3390f5dd7b45558c0e7"
    },
    "pbivnorm": {
      "Package": "pbivnorm",
      "Version": "0.6.0",
      "Source": "Repository",
      "Repository": "CRAN",
      "Hash": "643e16a7da6aac3e18cadc3e14abb94b"
    },
    "pbkrtest": {
      "Package": "pbkrtest",
      "Version": "0.4-7",
      "Source": "Repository",
      "Repository": "CRAN",
      "Hash": "e82f00720ce2bf002222c623ca5458c3"
    },
    "pillar": {
      "Package": "pillar",
      "Version": "1.4.3",
      "Source": "Repository",
      "Repository": "CRAN",
      "Hash": "fa3ed60396b6998d0427c57dab90fba4"
    },
    "pkgbuild": {
      "Package": "pkgbuild",
      "Version": "1.0.5",
      "Source": "Repository",
      "Repository": "CRAN",
      "Hash": "c5a2805cc81b574832293c04d76e168e"
    },
    "pkgconfig": {
      "Package": "pkgconfig",
      "Version": "2.0.2",
      "Source": "Repository",
      "Repository": "CRAN",
      "Hash": "f5940986fb19bcef52284068baeb3f29"
    },
    "plogr": {
      "Package": "plogr",
      "Version": "0.2.0",
      "Source": "Repository",
      "Repository": "CRAN",
      "Hash": "09eb987710984fc2905c7129c7d85e65"
    },
    "plyr": {
      "Package": "plyr",
      "Version": "1.8.4",
      "Source": "Repository",
      "Repository": "CRAN",
      "Hash": "23026346e3e0f023f326919320627a01"
    },
    "prabclus": {
      "Package": "prabclus",
      "Version": "2.3-1",
      "Source": "Repository",
      "Repository": "CRAN",
      "Hash": "3cb735190f9ff10a311a253582d8be85"
    },
    "prettyunits": {
      "Package": "prettyunits",
      "Version": "1.0.2",
      "Source": "Repository",
      "Repository": "CRAN",
      "Hash": "f3c960f0105f2ed179460864979fc37c"
    },
    "processx": {
      "Package": "processx",
      "Version": "3.4.1",
      "Source": "Repository",
      "Repository": "CRAN",
      "Hash": "3fcec01e55910997ae663883cc66a989"
    },
    "prodlim": {
      "Package": "prodlim",
      "Version": "2018.04.18",
      "Source": "Repository",
      "Repository": "CRAN",
      "Hash": "dede5cafa9509f68d39368bd4526f36b"
    },
    "progress": {
      "Package": "progress",
      "Version": "1.2.2",
      "Source": "Repository",
      "Repository": "CRAN",
      "Hash": "14dc9f7a3c91ebb14ec5bb9208a07061"
    },
    "promises": {
      "Package": "promises",
      "Version": "1.1.0",
      "Source": "Repository",
      "Repository": "CRAN",
      "Hash": "efbbe62da4709f7040a380c702bc7103"
    },
    "ps": {
      "Package": "ps",
      "Version": "1.3.0",
      "Source": "Repository",
      "Repository": "CRAN",
      "Hash": "919a32c940a25bc95fd464df9998a6ba"
    },
    "purrr": {
      "Package": "purrr",
      "Version": "0.3.2",
      "Source": "Repository",
      "Repository": "CRAN",
      "Hash": "adeb65b9e6bf7b2e1f9ca8252c2530ed"
    },
    "quantreg": {
      "Package": "quantreg",
      "Version": "5.51",
      "Source": "Repository",
      "Repository": "CRAN",
      "Hash": "62ae088bb910f17eec7c2be4a7f8d68f"
    },
    "readr": {
      "Package": "readr",
      "Version": "1.3.1",
      "Source": "Repository",
      "Repository": "CRAN",
      "Hash": "af8ab99cd936773a148963905736907b"
    },
    "readxl": {
      "Package": "readxl",
      "Version": "1.3.1",
      "Source": "Repository",
      "Repository": "CRAN",
      "Hash": "63537c483c2dbec8d9e3183b3735254a"
    },
    "recipes": {
      "Package": "recipes",
      "Version": "0.1.9",
      "Source": "Repository",
      "Repository": "CRAN",
      "Hash": "605c30dae049a94180ca1ab5066120c8"
    },
    "rematch": {
      "Package": "rematch",
      "Version": "1.0.1",
      "Source": "Repository",
      "Repository": "CRAN",
      "Hash": "c66b930d20bb6d858cd18e1cebcfae5c"
    },
    "renv": {
      "Package": "renv",
      "Version": "0.9.3",
      "Source": "Repository",
      "Repository": "CRAN",
      "Hash": "c1a367437d8a8a44bec4b9d4974cb20c"
    },
    "reprex": {
      "Package": "reprex",
      "Version": "0.3.0",
      "Source": "Repository",
      "Repository": "CRAN",
      "Hash": "b06bfb3504cc8a4579fd5567646f745b"
    },
    "reshape": {
      "Package": "reshape",
      "Version": "0.8.8",
      "Source": "Repository",
      "Repository": "CRAN",
      "Hash": "0f4d941129e00ed34a7d192b1da7ccef"
    },
    "reshape2": {
      "Package": "reshape2",
      "Version": "1.4.3",
      "Source": "Repository",
      "Repository": "CRAN",
      "Hash": "15a23ad30f51789188e439599559815c"
    },
    "rio": {
      "Package": "rio",
      "Version": "0.5.16",
      "Source": "Repository",
      "Repository": "CRAN",
      "Hash": "4a9aecbe83639be364de13ffe0671bcf"
    },
    "rlang": {
      "Package": "rlang",
      "Version": "0.4.5",
      "Source": "Repository",
      "Repository": "CRAN",
      "Hash": "1cc1b38e4db40ea6eb19ab8080bbed3b"
    },
    "rmarkdown": {
      "Package": "rmarkdown",
      "Version": "1.15",
      "Source": "Repository",
      "Repository": "CRAN",
      "Hash": "5c91fe407c9b705040b59a3109990ced"
    },
    "robustbase": {
      "Package": "robustbase",
      "Version": "0.93-5",
      "Source": "Repository",
      "Repository": "CRAN",
      "Hash": "0a3d03e70d10dd986398fe47efad4dab"
    },
    "rockchalk": {
      "Package": "rockchalk",
      "Version": "1.8.144",
      "Source": "Repository",
      "Repository": "CRAN",
      "Hash": "ab8d571c90f0aaac52ca9ae4ca836b98"
    },
    "rpart": {
      "Package": "rpart",
      "Version": "4.1-15",
      "Source": "Repository",
      "Repository": "CRAN",
      "Hash": "9787c1fcb680e655d062e7611cadf78e"
    },
    "rprojroot": {
      "Package": "rprojroot",
      "Version": "1.3-2",
      "Source": "Repository",
      "Repository": "CRAN",
      "Hash": "f6a407ae5dd21f6f80a6708bbb6eb3ae"
    },
    "rsample": {
      "Package": "rsample",
      "Version": "0.0.5",
      "Source": "Repository",
      "Repository": "CRAN",
      "Hash": "48a16b22b5594526c3f24d79b7f8e645"
    },
    "rsconnect": {
      "Package": "rsconnect",
      "Version": "0.8.15",
      "Source": "Repository",
      "Repository": "CRAN",
      "Hash": "5b0878a5685b9d44dec7659890587d78"
    },
    "rstan": {
      "Package": "rstan",
      "Version": "2.19.3",
      "Source": "Repository",
      "Repository": "CRAN",
      "Hash": "73129bed7783ff433c190b5fce836959"
    },
    "rstanarm": {
      "Package": "rstanarm",
      "Version": "2.19.3",
      "Source": "Repository",
      "Repository": "CRAN",
      "Hash": "40be87e712cf1ed87c16ffaf94b7897b"
    },
    "rstantools": {
      "Package": "rstantools",
      "Version": "2.0.0",
      "Source": "Repository",
      "Repository": "CRAN",
      "Hash": "fd4a4bf7068df96dfdd8551827ccb969"
    },
    "rstudioapi": {
      "Package": "rstudioapi",
      "Version": "0.11",
      "Source": "Repository",
      "Repository": "CRAN",
      "Hash": "33a5b27a03da82ac4b1d43268f80088a"
    },
    "rvest": {
      "Package": "rvest",
      "Version": "0.3.4",
      "Source": "Repository",
      "Repository": "CRAN",
      "Hash": "006001c4a515d0983357b5580494f474"
    },
    "scales": {
      "Package": "scales",
      "Version": "1.0.0",
      "Source": "Repository",
      "Repository": "CRAN",
      "Hash": "2e46c8ab2c109085d5b3a775ea2df19c"
    },
    "scatterplot3d": {
      "Package": "scatterplot3d",
      "Version": "0.3-41",
      "Source": "Repository",
      "Repository": "CRAN",
      "Hash": "0d3e8c286b735517c2df4ed48848e732"
    },
    "selectr": {
      "Package": "selectr",
      "Version": "0.4-1",
      "Source": "Repository",
      "Repository": "CRAN",
      "Hash": "5ed4ef04d145af4c2bf651d94ba3d7fe"
    },
    "shiny": {
      "Package": "shiny",
      "Version": "1.4.0",
      "Source": "Repository",
      "Repository": "CRAN",
      "Hash": "6ca23724bb2c804c1d0b3db4862a39c7"
    },
    "shinyjs": {
      "Package": "shinyjs",
      "Version": "1.1",
      "Source": "Repository",
      "Repository": "CRAN",
      "Hash": "b40a5207b6624f6e2b8cdb50689cdb69"
    },
    "shinystan": {
      "Package": "shinystan",
      "Version": "2.5.0",
      "Source": "Repository",
      "Repository": "CRAN",
      "Hash": "85e1a9e77cdd1b8740e92b37f8fdce7b"
    },
    "shinythemes": {
      "Package": "shinythemes",
      "Version": "1.1.2",
      "Source": "Repository",
      "Repository": "CRAN",
      "Hash": "8f047210d7d68ea4860a3c0d8cced272"
    },
    "sourcetools": {
      "Package": "sourcetools",
      "Version": "0.1.7",
      "Source": "Repository",
      "Repository": "CRAN",
      "Hash": "947e4e02a79effa5d512473e10f41797"
    },
    "sp": {
      "Package": "sp",
      "Version": "1.3-1",
      "Source": "Repository",
      "Repository": "CRAN",
      "Hash": "87a2c501aafad3c0bc6242527aeeff07"
    },
    "stargazer": {
      "Package": "stargazer",
      "Version": "5.2.2",
      "Source": "Repository",
      "Repository": "CRAN",
      "Hash": "708c566390f55f011bd475b53cc808d7"
    },
    "stopwords": {
      "Package": "stopwords",
      "Version": "1.0",
      "Source": "Repository",
      "Repository": "CRAN",
      "Hash": "96dc2a146912716288a00619ba486823"
    },
    "stringi": {
      "Package": "stringi",
      "Version": "1.4.3",
      "Source": "Repository",
      "Repository": "CRAN",
      "Hash": "74a50760af835563fb2c124e66aa134e"
    },
    "stringr": {
      "Package": "stringr",
      "Version": "1.4.0",
      "Source": "Repository",
      "Repository": "CRAN",
      "Hash": "0759e6b6c0957edb1311028a49a35e76"
    },
    "survival": {
      "Package": "survival",
      "Version": "2.44-1.1",
      "Source": "Repository",
      "Repository": "CRAN",
      "Hash": "8520357700cef5261e7d33f0a113e3df"
    },
    "sys": {
      "Package": "sys",
      "Version": "3.3",
      "Source": "Repository",
      "Repository": "CRAN",
      "Hash": "507f3116a38d37ad330a038b3be07b66"
    },
    "threejs": {
      "Package": "threejs",
      "Version": "0.3.3",
      "Source": "Repository",
      "Repository": "CRAN",
      "Hash": "2ad32c3a8745e827977f394bc387e3b0"
    },
    "tibble": {
      "Package": "tibble",
      "Version": "2.1.3",
      "Source": "Repository",
      "Repository": "CRAN",
      "Hash": "8248ee35d1e15d1e506f05f5a5d46a75"
    },
    "tidymodels": {
      "Package": "tidymodels",
      "Version": "0.1.0",
      "Source": "Repository",
      "Repository": "CRAN",
      "Hash": "eca5e9d3398d0a4b26f5f7e4250adb1b"
    },
    "tidyposterior": {
      "Package": "tidyposterior",
      "Version": "0.0.2",
      "Source": "Repository",
      "Repository": "CRAN",
      "Hash": "35353b78b2e01ee8d6495b0a9681d7fd"
    },
    "tidypredict": {
      "Package": "tidypredict",
      "Version": "0.4.5",
      "Source": "Repository",
      "Repository": "CRAN",
      "Hash": "f891aa6cd7a20bf2108ffd330ab9b9ed"
    },
    "tidyr": {
      "Package": "tidyr",
      "Version": "1.0.0",
      "Source": "Repository",
      "Repository": "CRAN",
      "Hash": "8187ca2c27e80978f5b143bec554a437"
    },
    "tidyselect": {
      "Package": "tidyselect",
      "Version": "0.2.5",
      "Source": "Repository",
      "Repository": "CRAN",
      "Hash": "971842fead8ee9e150495a0ede343a98"
    },
    "tidytext": {
      "Package": "tidytext",
      "Version": "0.2.3",
      "Source": "Repository",
      "Repository": "CRAN",
      "Hash": "002f2c2355c9774435d3eefdab49c447"
    },
    "tidyverse": {
      "Package": "tidyverse",
      "Version": "1.2.1",
      "Source": "Repository",
      "Repository": "CRAN",
      "Hash": "5a2a345ab91ac7f22bb13fa78bc3a1be"
    },
    "timeDate": {
      "Package": "timeDate",
      "Version": "3043.102",
      "Source": "Repository",
      "Repository": "CRAN",
      "Hash": "fde4fc571f5f61978652c229d4713845"
    },
    "tinytex": {
      "Package": "tinytex",
      "Version": "0.16",
      "Source": "Repository",
      "Repository": "CRAN",
      "Hash": "a14f7f9c8edc600abe43ef359b733ddb"
    },
    "tokenizers": {
      "Package": "tokenizers",
      "Version": "0.2.1",
      "Source": "Repository",
      "Repository": "CRAN",
      "Hash": "a064f646b3a692e62dfb5d9ea690a4ea"
    },
    "tune": {
      "Package": "tune",
      "Version": "0.0.1",
      "Source": "Repository",
      "Repository": "CRAN",
      "Hash": "5dc1092c4121af932cd59e657d6f91cd"
    },
    "useful": {
      "Package": "useful",
      "Version": "1.2.6",
      "Source": "Repository",
      "Repository": "CRAN",
      "Hash": "62884cf15898e6b7488cb08f1013fd50"
    },
    "utf8": {
      "Package": "utf8",
      "Version": "1.1.4",
      "Source": "Repository",
      "Repository": "CRAN",
      "Hash": "4a5081acfb7b81a572e4384a7aaf2af1"
    },
    "vctrs": {
      "Package": "vctrs",
      "Version": "0.2.3",
      "Source": "Repository",
      "Repository": "CRAN",
      "Hash": "2c0f41d87be7a186139a6d3d5215848e"
    },
    "viridis": {
      "Package": "viridis",
      "Version": "0.5.1",
      "Source": "Repository",
      "Repository": "CRAN",
      "Hash": "6f6b49e5b3b5ee5a6d0c28bf1b4b9eb3"
    },
    "viridisLite": {
      "Package": "viridisLite",
      "Version": "0.3.0",
      "Source": "Repository",
      "Repository": "CRAN",
      "Hash": "ce4f6271baa94776db692f1cb2055bee"
    },
    "webshot": {
      "Package": "webshot",
      "Version": "0.5.1",
      "Source": "Repository",
      "Repository": "CRAN",
      "Hash": "e827a595bebabdfed25eec4eb1929ef0"
    },
    "whisker": {
      "Package": "whisker",
      "Version": "0.4",
      "Source": "Repository",
      "Repository": "CRAN",
      "Hash": "ca970b96d894e90397ed20637a0c1bbe"
    },
    "withr": {
      "Package": "withr",
      "Version": "2.1.2",
      "Source": "Repository",
      "Repository": "CRAN",
      "Hash": "aa57ed55ff2df4bea697a07df528993d"
    },
    "workflows": {
      "Package": "workflows",
      "Version": "0.1.0",
      "Source": "Repository",
      "Repository": "CRAN",
      "Hash": "302e039172a133df812f778f47cfa84c"
    },
    "xfun": {
      "Package": "xfun",
      "Version": "0.9",
      "Source": "Repository",
      "Repository": "CRAN",
      "Hash": "1729de9578fc7c37b47418d891d91470"
    },
    "xml2": {
      "Package": "xml2",
      "Version": "1.2.2",
      "Source": "Repository",
      "Repository": "CRAN",
      "Hash": "63ad35854e01d8b59ca18095b5145bb7"
    },
    "xtable": {
      "Package": "xtable",
      "Version": "1.8-4",
      "Source": "Repository",
      "Repository": "CRAN",
      "Hash": "b8acdf8af494d9ec19ccb2481a9b11c2"
    },
    "xts": {
      "Package": "xts",
      "Version": "0.12-0",
      "Source": "Repository",
      "Repository": "CRAN",
      "Hash": "cae1f4b14c523f62b61276fb3962d4fb"
    },
    "yaml": {
      "Package": "yaml",
      "Version": "2.2.0",
      "Source": "Repository",
      "Repository": "CRAN",
      "Hash": "c78bdf1d16bd4ec7ecc86c6986d53309"
    },
    "yardstick": {
      "Package": "yardstick",
      "Version": "0.0.5",
      "Source": "Repository",
      "Repository": "CRAN",
      "Hash": "fdeb9dd70a68058fca68e94af04cfc62"
    },
    "zip": {
      "Package": "zip",
      "Version": "2.0.4",
      "Source": "Repository",
      "Repository": "CRAN",
      "Hash": "caa73cdca1a87e5f2617915c8809f207"
    },
    "zoo": {
      "Package": "zoo",
      "Version": "1.8-6",
      "Source": "Repository",
      "Repository": "CRAN",
      "Hash": "d6d8d8c2b5f0c309dfa8caf9a27a61e2"
    }
  }
}
